{
  "nodes": {
    "nixpkgs": {
      "locked": {
        "lastModified": 1757898380,
        "narHash": "sha256-1Z0KAfbySsHu/IoZbBJLrPgs3IqQGup0T8J9S1ffAkE=",
        "owner": "meta-introspector",
        "repo": "nixpkgs",
        "rev": "26833ad1dad83826ef7cc52e0009ca9b7097c79f",
        "type": "github"
      },
      "original": {
        "owner": "meta-introspector",
        "ref": "feature/CRQ-016-nixify",
        "repo": "nixpkgs",
        "type": "github"
      }
    },
    "nixpkgs_2": {
      "locked": {
        "lastModified": 1757898380,
        "narHash": "sha256-1Z0KAfbySsHu/IoZbBJLrPgs3IqQGup0T8J9S1ffAkE=",
        "owner": "meta-introspector",
        "repo": "nixpkgs",
        "rev": "26833ad1dad83826ef7cc52e0009ca9b7097c79f",
        "type": "github"
      },
      "original": {
        "owner": "meta-introspector",
        "ref": "feature/CRQ-016-nixify",
        "repo": "nixpkgs",
        "type": "github"
      }
    },
    "root": {
      "inputs": {
        "nixpkgs": "nixpkgs",
        "rustBootstrapNix": "rustBootstrapNix"
      }
    },
    "rustBootstrapNix": {
      "inputs": {
        "nixpkgs": "nixpkgs_2"
      },
      "locked": {
        "dir": "nix/rust-deps",
        "lastModified": 1761355899,
        "narHash": "sha256-LWhX7iTZTh4NZ/S3qdAYIJC5njunbjMzYZjTywTLkPE=",
        "owner": "meta-introspector",
        "repo": "rust-bootstrap-nix",
        "rev": "dfdaa3f6e81b698c8b908266785acea82fc92a1e",
        "type": "github"
      },
      "original": {
        "dir": "nix/rust-deps",
        "owner": "meta-introspector",
        "ref": "feature/1.84.1-aarch64-config-generation-reference-config",
        "repo": "rust-bootstrap-nix",
        "type": "github"
      }
    }
  },
  "root": "root",
  "version": 7
}
